
Microsoft Visual Studio Solution File, Format Version 12.00
# Visual Studio Version 16
VisualStudioVersion = 16.0.30804.86
MinimumVisualStudioVersion = 10.0.40219.1
Project("{FAE04EC0-301F-11D3-BF4B-00C04F79EFBC}") = "Northwind.Entities", "Nortwind.Entities\Northwind.Entities.csproj", "{E4A7B4B5-222C-440E-B119-E14346C0E293}"
EndProject
Project("{FAE04EC0-301F-11D3-BF4B-00C04F79EFBC}") = "Northwind.DataAccess", "Northwind.DataAccess\Northwind.DataAccess.csproj", "{FB89FC13-EBB9-4999-A1CA-90160B9F3C08}"
EndProject
Project("{FAE04EC0-301F-11D3-BF4B-00C04F79EFBC}") = "Northwind.Business", "Northwind.Business\Northwind.Business.csproj", "{0D11D1FF-DA52-4468-BB0C-AF9482263BC0}"
EndProject
Project("{FAE04EC0-301F-11D3-BF4B-00C04F79EFBC}") = "Northwind.WebFormsUI", "Northwind.WebFormsUI\Northwind.WebFormsUI.csproj", "{DA38346D-B282-40B1-ADCE-586F648EAFF0}"
EndProject
Global
	GlobalSection(SolutionConfigurationPlatforms) = preSolution
		Debug|Any CPU = Debug|Any CPU
		Release|Any CPU = Release|Any CPU
	EndGlobalSection
	GlobalSection(ProjectConfigurationPlatforms) = postSolution
		{E4A7B4B5-222C-440E-B119-E14346C0E293}.Debug|Any CPU.ActiveCfg = Debug|Any CPU
		{E4A7B4B5-222C-440E-B119-E14346C0E293}.Debug|Any CPU.Build.0 = Debug|Any CPU
		{E4A7B4B5-222C-440E-B119-E14346C0E293}.Release|Any CPU.ActiveCfg = Release|Any CPU
		{E4A7B4B5-222C-440E-B119-E14346C0E293}.Release|Any CPU.Build.0 = Release|Any CPU
		{FB89FC13-EBB9-4999-A1CA-90160B9F3C08}.Debug|Any CPU.ActiveCfg = Debug|Any CPU
		{FB89FC13-EBB9-4999-A1CA-90160B9F3C08}.Debug|Any CPU.Build.0 = Debug|Any CPU
		{FB89FC13-EBB9-4999-A1CA-90160B9F3C08}.Release|Any CPU.ActiveCfg = Release|Any CPU
		{FB89FC13-EBB9-4999-A1CA-90160B9F3C08}.Release|Any CPU.Build.0 = Release|Any CPU
		{0D11D1FF-DA52-4468-BB0C-AF9482263BC0}.Debug|Any CPU.ActiveCfg = Debug|Any CPU
		{0D11D1FF-DA52-4468-BB0C-AF9482263BC0}.Debug|Any CPU.Build.0 = Debug|Any CPU
		{0D11D1FF-DA52-4468-BB0C-AF9482263BC0}.Release|Any CPU.ActiveCfg = Release|Any CPU
		{0D11D1FF-DA52-4468-BB0C-AF9482263BC0}.Release|Any CPU.Build.0 = Release|Any CPU
		{DA38346D-B282-40B1-ADCE-586F648EAFF0}.Debug|Any CPU.ActiveCfg = Debug|Any CPU
		{DA38346D-B282-40B1-ADCE-586F648EAFF0}.Debug|Any CPU.Build.0 = Debug|Any CPU
		{DA38346D-B282-40B1-ADCE-586F648EAFF0}.Release|Any CPU.ActiveCfg = Release|Any CPU
		{DA38346D-B282-40B1-ADCE-586F648EAFF0}.Release|Any CPU.Build.0 = Release|Any CPU
	EndGlobalSection
	GlobalSection(SolutionProperties) = preSolution
		HideSolutionNode = FALSE
	EndGlobalSection
	GlobalSection(ExtensibilityGlobals) = postSolution
		SolutionGuid = {D506F89C-8E22-464E-BF83-5BF287644534}
	EndGlobalSection
EndGlobal
